{
    "name": "mongodb-grpc-connector-example-reload-runner",
    "version": "0.0.1",
    "lockfileVersion": 1,
    "requires": true,
    "dependencies": {
        "async-limiter": {
            "version": "1.0.0",
            "resolved": "https://registry.npmjs.org/async-limiter/-/async-limiter-1.0.0.tgz",
            "integrity": "sha512-jp/uFnooOiO+L211eZOoSyzpOITMXx1rBITauYykG3BRYPu8h0UcxsPNB04RR5vo4Tyz3+ay17tR6JVf9qzYWg=="
        },
        "enigma.js": {
            "version": "2.3.2",
            "resolved": "https://registry.npmjs.org/enigma.js/-/enigma.js-2.3.2.tgz",
            "integrity": "sha512-VBBgzBryJ29TWkmZGQdsVHjC3pEuVyM3XlB6T7SZ6+wPC/ub0fmtapbEjZQBYarWi1DjM7uAvauImMZBZex+mQ=="
        },
        "ws": {
            "version": "6.1.1",
            "resolved": "https://registry.npmjs.org/ws/-/ws-6.1.1.tgz",
            "integrity": "sha512-tfSg0NBK1w9FkVhIftPp2lWPoFu3AInndGyydLPTNSIA4o1V7GveE2fCTF7kFmHZ/+NGVObBptvFXwzF7ALXDQ==",
            "requires": {
                "async-limiter": "~1.0.0"
            }
        }
    }
}
