{
    "name": "mongodb-grpc-connector-example-reload-runner",
    "version": "0.0.1",
    "lockfileVersion": 1,
    "requires": true,
    "dependencies": {
        "async-limiter": {
            "version": "1.0.0",
            "resolved": "https://registry.npmjs.org/async-limiter/-/async-limiter-1.0.0.tgz",
            "integrity": "sha512-jp/uFnooOiO+L211eZOoSyzpOITMXx1rBITauYykG3BRYPu8h0UcxsPNB04RR5vo4Tyz3+ay17tR6JVf9qzYWg=="
        },
        "enigma.js": {
            "version": "2.3.0",
            "resolved": "https://registry.npmjs.org/enigma.js/-/enigma.js-2.3.0.tgz",
            "integrity": "sha512-CtoXoanVm3/+JZSfLGpjAvVvqRiaf+WvBAIjNsgKxWkQy08NMKealyTZXmH2nvAEUCf3LFoIjHB0RXekEcKR0Q=="
        },
        "ws": {
            "version": "6.1.0",
            "resolved": "https://registry.npmjs.org/ws/-/ws-6.1.0.tgz",
            "integrity": "sha512-H3dGVdGvW2H8bnYpIDc3u3LH8Wue3Qh+Zto6aXXFzvESkTVT6rAfKR6tR/+coaUvxs8yHtmNV0uioBF62ZGSTg==",
            "requires": {
                "async-limiter": "~1.0.0"
            }
        }
    }
}
