{
    "name": "mongodb-grpc-connector-example-reload-runner",
    "version": "0.0.1",
    "lockfileVersion": 1,
    "requires": true,
    "dependencies": {
        "async-limiter": {
            "version": "1.0.1",
            "resolved": "https://registry.npmjs.org/async-limiter/-/async-limiter-1.0.1.tgz",
            "integrity": "sha512-csOlWGAcRFJaI6m+F2WKdnMKr4HhdhFVBk0H/QbJFMCr+uO2kwohwXQPxw/9OCxp05r5ghVBFSyioixx3gfkNQ=="
        },
        "enigma.js": {
            "version": "2.6.3",
            "resolved": "https://registry.npmjs.org/enigma.js/-/enigma.js-2.6.3.tgz",
            "integrity": "sha512-iF0biH11Sykyf8T4ghnvEE2hicE2MScm87/Etf6RLuXcHGVViY4MkT6p6fCJzpN3g+CpNyunPyrn07RY5mW5yg=="
        },
        "ws": {
            "version": "7.2.0",
            "resolved": "https://registry.npmjs.org/ws/-/ws-7.2.0.tgz",
            "integrity": "sha512-+SqNqFbwTm/0DC18KYzIsMTnEWpLwJsiasW/O17la4iDRRIO9uaHbvKiAS3AHgTiuuWerK/brj4O6MYZkei9xg==",
            "requires": {
                "async-limiter": "^1.0.0"
            }
        }
    }
}
